<?xml version="1.0" encoding="utf-8"?>
<Project ToolsVersion="4.0" xmlns="http://schemas.microsoft.com/developer/msbuild/2003">
  <ItemGroup>
    <Filter Include="Source Files">
      <UniqueIdentifier>{4FC737F1-C7A5-4376-A066-2A32D752A2FF}</UniqueIdentifier>
      <Extensions>cpp;c;cc;cxx;def;odl;idl;hpj;bat;asm;asmx</Extensions>
    </Filter>
    <Filter Include="Header Files">
      <UniqueIdentifier>{93995380-89BD-4b04-88EB-625FBE52EBFB}</UniqueIdentifier>
      <Extensions>h;hh;hpp;hxx;hm;inl;inc;xsd</Extensions>
    </Filter>
    <Filter Include="Resource Files">
      <UniqueIdentifier>{67DA6AB6-F800-4c08-8B7A-83BB121AAD01}</UniqueIdentifier>
      <Extensions>rc;ico;cur;bmp;dlg;rc2;rct;bin;rgs;gif;jpg;jpeg;jpe;resx;tiff;tif;png;wav;mfcribbon-ms</Extensions>
    </Filter>
    <Filter Include="Header Files\orb">
      <UniqueIdentifier>{091fc988-cded-4e34-be93-0a8cadd65c74}</UniqueIdentifier>
    </Filter>
    <Filter Include="Source Files\orb">
      <UniqueIdentifier>{b6c47806-883c-44cf-a39a-7f4b190f429d}</UniqueIdentifier>
    </Filter>
  </ItemGroup>
  <ItemGroup>
    <ClCompile Include="..\src\imageloader.cpp">
      <Filter>Source Files</Filter>
    </ClCompile>
    <ClCompile Include="..\src\imagereranker.cpp">
      <Filter>Source Files</Filter>
    </ClCompile>
    <ClCompile Include="..\src\imagererankerransac.cpp">
      <Filter>Source Files</Filter>
    </ClCompile>
    <ClCompile Include="..\src\main.cpp">
      <Filter>Source Files</Filter>
    </ClCompile>
    <ClCompile Include="..\src\orb\orbfeatureextractor.cpp">
      <Filter>Source Files\orb</Filter>
    </ClCompile>
    <ClCompile Include="..\src\orb\orbindex.cpp">
      <Filter>Source Files\orb</Filter>
    </ClCompile>
    <ClCompile Include="..\src\orb\orbsearcher.cpp">
      <Filter>Source Files\orb</Filter>
    </ClCompile>
    <ClCompile Include="..\src\orb\orbwordindex.cpp">
      <Filter>Source Files\orb</Filter>
    </ClCompile>
  </ItemGroup>
  <ItemGroup>
    <ClInclude Include="..\include\backwardindexreaderaccess.h">
      <Filter>Header Files</Filter>
    </ClInclude>
    <ClInclude Include="..\include\featureextractor.h">
      <Filter>Header Files</Filter>
    </ClInclude>
    <ClInclude Include="..\include\hit.h">
      <Filter>Header Files</Filter>
    </ClInclude>
    <ClInclude Include="..\include\imageloader.h">
      <Filter>Header Files</Filter>
    </ClInclude>
    <ClInclude Include="..\include\imagereranker.h">
      <Filter>Header Files</Filter>
    </ClInclude>
    <ClInclude Include="..\include\index.h">
      <Filter>Header Files</Filter>
    </ClInclude>
    <ClInclude Include="..\include\messages.h">
      <Filter>Header Files</Filter>
    </ClInclude>
    <ClInclude Include="..\include\searcher.h">
      <Filter>Header Files</Filter>
    </ClInclude>
    <ClInclude Include="..\include\searchResult.h">
      <Filter>Header Files</Filter>
    </ClInclude>
    <ClInclude Include="..\include\thread.h">
      <Filter>Header Files</Filter>
    </ClInclude>
    <ClInclude Include="..\include\orb\orbfeatureextractor.h">
      <Filter>Header Files\orb</Filter>
    </ClInclude>
    <ClInclude Include="..\include\orb\orbindex.h">
      <Filter>Header Files\orb</Filter>
    </ClInclude>
    <ClInclude Include="..\include\orb\orbsearcher.h">
      <Filter>Header Files\orb</Filter>
    </ClInclude>
    <ClInclude Include="..\include\orb\orbwordindex.h">
      <Filter>Header Files\orb</Filter>
    </ClInclude>
  </ItemGroup>
</Project>